
Microsoft Visual Studio Solution File, Format Version 12.00
# Visual Studio 15
VisualStudioVersion = 15.0.28307.1000
MinimumVisualStudioVersion = 10.0.40219.1
Project("{9A19103F-16F7-4668-BE54-9A1E7A4F7556}") = "Segmenter", "src\Segmenter\Segmenter.csproj", "{17374895-12D9-4890-8199-D317ACE344B3}"
EndProject
Project("{9A19103F-16F7-4668-BE54-9A1E7A4F7556}") = "Analyser", "src\Analyser\Analyser.csproj", "{5292B2F4-C668-4354-8CC5-1C235A2750BC}"
EndProject
Project("{9A19103F-16F7-4668-BE54-9A1E7A4F7556}") = "Segmenter.Cli", "src\Segmenter.Cli\Segmenter.Cli.csproj", "{09C342C8-EB7A-48D0-8010-C1C7319E8DDA}"
EndProject
Project("{FAE04EC0-301F-11D3-BF4B-00C04F79EFBC}") = "Segmenter.Tests", "test\Segmenter.Tests\Segmenter.Tests.csproj", "{28FEC270-C373-48AF-B143-04DF42EE1173}"
EndProject
Global
	GlobalSection(SolutionConfigurationPlatforms) = preSolution
		Debug|Any CPU = Debug|Any CPU
		Release|Any CPU = Release|Any CPU
	EndGlobalSection
	GlobalSection(ProjectConfigurationPlatforms) = postSolution
		{17374895-12D9-4890-8199-D317ACE344B3}.Debug|Any CPU.ActiveCfg = Debug|Any CPU
		{17374895-12D9-4890-8199-D317ACE344B3}.Debug|Any CPU.Build.0 = Debug|Any CPU
		{17374895-12D9-4890-8199-D317ACE344B3}.Release|Any CPU.ActiveCfg = Release|Any CPU
		{17374895-12D9-4890-8199-D317ACE344B3}.Release|Any CPU.Build.0 = Release|Any CPU
		{5292B2F4-C668-4354-8CC5-1C235A2750BC}.Debug|Any CPU.ActiveCfg = Debug|Any CPU
		{5292B2F4-C668-4354-8CC5-1C235A2750BC}.Debug|Any CPU.Build.0 = Debug|Any CPU
		{5292B2F4-C668-4354-8CC5-1C235A2750BC}.Release|Any CPU.ActiveCfg = Release|Any CPU
		{5292B2F4-C668-4354-8CC5-1C235A2750BC}.Release|Any CPU.Build.0 = Release|Any CPU
		{09C342C8-EB7A-48D0-8010-C1C7319E8DDA}.Debug|Any CPU.ActiveCfg = Debug|Any CPU
		{09C342C8-EB7A-48D0-8010-C1C7319E8DDA}.Debug|Any CPU.Build.0 = Debug|Any CPU
		{09C342C8-EB7A-48D0-8010-C1C7319E8DDA}.Release|Any CPU.ActiveCfg = Release|Any CPU
		{09C342C8-EB7A-48D0-8010-C1C7319E8DDA}.Release|Any CPU.Build.0 = Release|Any CPU
		{28FEC270-C373-48AF-B143-04DF42EE1173}.Debug|Any CPU.ActiveCfg = Debug|Any CPU
		{28FEC270-C373-48AF-B143-04DF42EE1173}.Debug|Any CPU.Build.0 = Debug|Any CPU
		{28FEC270-C373-48AF-B143-04DF42EE1173}.Release|Any CPU.ActiveCfg = Release|Any CPU
		{28FEC270-C373-48AF-B143-04DF42EE1173}.Release|Any CPU.Build.0 = Release|Any CPU
	EndGlobalSection
	GlobalSection(SolutionProperties) = preSolution
		HideSolutionNode = FALSE
	EndGlobalSection
	GlobalSection(ExtensibilityGlobals) = postSolution
		SolutionGuid = {38F37457-1C3F-44E0-8248-0C8A3787C9E7}
	EndGlobalSection
EndGlobal
