
Microsoft Visual Studio Solution File, Format Version 12.00
# Visual Studio 15
VisualStudioVersion = 15.0.27703.2026
MinimumVisualStudioVersion = 10.0.40219.1
Project("{2150E333-8FDC-42A3-9474-1A3956D46DE8}") = "_Docs", "_Docs", "{CAE0F06F-592A-4714-8494-6EA5D870F4F6}"
	ProjectSection(SolutionItems) = preProject
		docs\impl.md = docs\impl.md
		docs\todo.md = docs\todo.md
	EndProjectSection
EndProject
Project("{2150E333-8FDC-42A3-9474-1A3956D46DE8}") = "_ExtraDict", "_ExtraDict", "{2111E414-9025-4BC6-94C3-0939D8E6DECF}"
	ProjectSection(SolutionItems) = preProject
		ExtraDicts\dict.txt.big = ExtraDicts\dict.txt.big
		ExtraDicts\dict.txt.small = ExtraDicts\dict.txt.small
		ExtraDicts\idf.txt.big = ExtraDicts\idf.txt.big
		ExtraDicts\stopwords_en_nltk.txt = ExtraDicts\stopwords_en_nltk.txt
		ExtraDicts\stopwords_zh_hit.txt = ExtraDicts\stopwords_zh_hit.txt
		ExtraDicts\user_dict.txt = ExtraDicts\user_dict.txt
	EndProjectSection
EndProject
Project("{FAE04EC0-301F-11D3-BF4B-00C04F79EFBC}") = "Segmenter", "src\Segmenter\Segmenter.csproj", "{7930A2C1-15B4-4EAB-9CD4-4B709A3FD76E}"
EndProject
Project("{FAE04EC0-301F-11D3-BF4B-00C04F79EFBC}") = "Analyser", "src\Analyser\Analyser.csproj", "{420C99CA-4DE4-4802-9129-B26C35786224}"
EndProject
Project("{FAE04EC0-301F-11D3-BF4B-00C04F79EFBC}") = "Segmenter.Cli", "src\Segmenter.Cli\Segmenter.Cli.csproj", "{5F8AAB4D-D2BF-4DAD-B1DC-E60E9AFA174B}"
EndProject
Project("{FAE04EC0-301F-11D3-BF4B-00C04F79EFBC}") = "Segmenter.Tests", "test\Segmenter.Tests\Segmenter.Tests.csproj", "{77A71258-2175-4868-8539-D1EDFB5B7AB0}"
EndProject
Project("{2150E333-8FDC-42A3-9474-1A3956D46DE8}") = "Analyser", "Analyser", "{A29DAC77-54EC-4F53-B2FC-00EC1C1F7756}"
EndProject
Project("{2150E333-8FDC-42A3-9474-1A3956D46DE8}") = "Segmenter", "Segmenter", "{34362CA4-B5D3-4AD3-8175-5CC30F759966}"
EndProject
Project("{2150E333-8FDC-42A3-9474-1A3956D46DE8}") = "Segmenter.Cli", "Segmenter.Cli", "{BFF49920-7D2B-4EC0-BE7E-6931B22A0965}"
EndProject
Project("{2150E333-8FDC-42A3-9474-1A3956D46DE8}") = "Segmenter.Tests", "Segmenter.Tests", "{2DD67628-A661-4B69-9E5D-0FFA087EA201}"
EndProject
Project("{FAE04EC0-301F-11D3-BF4B-00C04F79EFBC}") = "Analyser.Net40", "lnks_net40\Analyser\Analyser.Net40.csproj", "{E25D103C-E417-4594-A3FA-7E987D21E6FF}"
EndProject
Project("{FAE04EC0-301F-11D3-BF4B-00C04F79EFBC}") = "Segmenter.Net40", "lnks_net40\Segmenter\Segmenter.Net40.csproj", "{D80C1357-9203-4488-AD2D-B1CE2CF25A71}"
EndProject
Project("{FAE04EC0-301F-11D3-BF4B-00C04F79EFBC}") = "Segmenter.Cli.Net40", "lnks_net40\Segmenter.Cli\Segmenter.Cli.Net40.csproj", "{7DC92901-69D3-483C-8D4F-DF284D6A933D}"
EndProject
Project("{FAE04EC0-301F-11D3-BF4B-00C04F79EFBC}") = "Segmenter.Tests.Net40", "test\Segmenter.Tests.Net40\Segmenter.Tests.Net40.csproj", "{0A7BD803-0022-487B-82B6-FA5BAC286549}"
EndProject
Project("{9A19103F-16F7-4668-BE54-9A1E7A4F7556}") = "Analyser.Netstandard2", "lnks_netstandard2\Analyser\Analyser.Netstandard2.csproj", "{61D14BDD-96D8-424C-8CDA-08794CBA688A}"
EndProject
Project("{9A19103F-16F7-4668-BE54-9A1E7A4F7556}") = "Segmenter.Netstandard2", "lnks_netstandard2\Segmenter\Segmenter.Netstandard2.csproj", "{126E178C-D42B-45F2-ABE7-BB0B47EB5634}"
EndProject
Global
	GlobalSection(SolutionConfigurationPlatforms) = preSolution
		Debug|Any CPU = Debug|Any CPU
		Release|Any CPU = Release|Any CPU
	EndGlobalSection
	GlobalSection(ProjectConfigurationPlatforms) = postSolution
		{7930A2C1-15B4-4EAB-9CD4-4B709A3FD76E}.Debug|Any CPU.ActiveCfg = Debug|Any CPU
		{7930A2C1-15B4-4EAB-9CD4-4B709A3FD76E}.Debug|Any CPU.Build.0 = Debug|Any CPU
		{7930A2C1-15B4-4EAB-9CD4-4B709A3FD76E}.Release|Any CPU.ActiveCfg = Release|Any CPU
		{7930A2C1-15B4-4EAB-9CD4-4B709A3FD76E}.Release|Any CPU.Build.0 = Release|Any CPU
		{420C99CA-4DE4-4802-9129-B26C35786224}.Debug|Any CPU.ActiveCfg = Debug|Any CPU
		{420C99CA-4DE4-4802-9129-B26C35786224}.Debug|Any CPU.Build.0 = Debug|Any CPU
		{420C99CA-4DE4-4802-9129-B26C35786224}.Release|Any CPU.ActiveCfg = Release|Any CPU
		{420C99CA-4DE4-4802-9129-B26C35786224}.Release|Any CPU.Build.0 = Release|Any CPU
		{5F8AAB4D-D2BF-4DAD-B1DC-E60E9AFA174B}.Debug|Any CPU.ActiveCfg = Debug|Any CPU
		{5F8AAB4D-D2BF-4DAD-B1DC-E60E9AFA174B}.Debug|Any CPU.Build.0 = Debug|Any CPU
		{5F8AAB4D-D2BF-4DAD-B1DC-E60E9AFA174B}.Release|Any CPU.ActiveCfg = Release|Any CPU
		{5F8AAB4D-D2BF-4DAD-B1DC-E60E9AFA174B}.Release|Any CPU.Build.0 = Release|Any CPU
		{77A71258-2175-4868-8539-D1EDFB5B7AB0}.Debug|Any CPU.ActiveCfg = Debug|Any CPU
		{77A71258-2175-4868-8539-D1EDFB5B7AB0}.Debug|Any CPU.Build.0 = Debug|Any CPU
		{77A71258-2175-4868-8539-D1EDFB5B7AB0}.Release|Any CPU.ActiveCfg = Release|Any CPU
		{77A71258-2175-4868-8539-D1EDFB5B7AB0}.Release|Any CPU.Build.0 = Release|Any CPU
		{E25D103C-E417-4594-A3FA-7E987D21E6FF}.Debug|Any CPU.ActiveCfg = Debug|Any CPU
		{E25D103C-E417-4594-A3FA-7E987D21E6FF}.Debug|Any CPU.Build.0 = Debug|Any CPU
		{E25D103C-E417-4594-A3FA-7E987D21E6FF}.Release|Any CPU.ActiveCfg = Release|Any CPU
		{E25D103C-E417-4594-A3FA-7E987D21E6FF}.Release|Any CPU.Build.0 = Release|Any CPU
		{D80C1357-9203-4488-AD2D-B1CE2CF25A71}.Debug|Any CPU.ActiveCfg = Debug|Any CPU
		{D80C1357-9203-4488-AD2D-B1CE2CF25A71}.Debug|Any CPU.Build.0 = Debug|Any CPU
		{D80C1357-9203-4488-AD2D-B1CE2CF25A71}.Release|Any CPU.ActiveCfg = Release|Any CPU
		{D80C1357-9203-4488-AD2D-B1CE2CF25A71}.Release|Any CPU.Build.0 = Release|Any CPU
		{7DC92901-69D3-483C-8D4F-DF284D6A933D}.Debug|Any CPU.ActiveCfg = Debug|Any CPU
		{7DC92901-69D3-483C-8D4F-DF284D6A933D}.Debug|Any CPU.Build.0 = Debug|Any CPU
		{7DC92901-69D3-483C-8D4F-DF284D6A933D}.Release|Any CPU.ActiveCfg = Release|Any CPU
		{7DC92901-69D3-483C-8D4F-DF284D6A933D}.Release|Any CPU.Build.0 = Release|Any CPU
		{0A7BD803-0022-487B-82B6-FA5BAC286549}.Debug|Any CPU.ActiveCfg = Debug|Any CPU
		{0A7BD803-0022-487B-82B6-FA5BAC286549}.Debug|Any CPU.Build.0 = Debug|Any CPU
		{0A7BD803-0022-487B-82B6-FA5BAC286549}.Release|Any CPU.ActiveCfg = Release|Any CPU
		{0A7BD803-0022-487B-82B6-FA5BAC286549}.Release|Any CPU.Build.0 = Release|Any CPU
		{61D14BDD-96D8-424C-8CDA-08794CBA688A}.Debug|Any CPU.ActiveCfg = Debug|Any CPU
		{61D14BDD-96D8-424C-8CDA-08794CBA688A}.Debug|Any CPU.Build.0 = Debug|Any CPU
		{61D14BDD-96D8-424C-8CDA-08794CBA688A}.Release|Any CPU.ActiveCfg = Release|Any CPU
		{61D14BDD-96D8-424C-8CDA-08794CBA688A}.Release|Any CPU.Build.0 = Release|Any CPU
		{126E178C-D42B-45F2-ABE7-BB0B47EB5634}.Debug|Any CPU.ActiveCfg = Debug|Any CPU
		{126E178C-D42B-45F2-ABE7-BB0B47EB5634}.Debug|Any CPU.Build.0 = Debug|Any CPU
		{126E178C-D42B-45F2-ABE7-BB0B47EB5634}.Release|Any CPU.ActiveCfg = Release|Any CPU
		{126E178C-D42B-45F2-ABE7-BB0B47EB5634}.Release|Any CPU.Build.0 = Release|Any CPU
	EndGlobalSection
	GlobalSection(SolutionProperties) = preSolution
		HideSolutionNode = FALSE
	EndGlobalSection
	GlobalSection(NestedProjects) = preSolution
		{7930A2C1-15B4-4EAB-9CD4-4B709A3FD76E} = {34362CA4-B5D3-4AD3-8175-5CC30F759966}
		{420C99CA-4DE4-4802-9129-B26C35786224} = {A29DAC77-54EC-4F53-B2FC-00EC1C1F7756}
		{5F8AAB4D-D2BF-4DAD-B1DC-E60E9AFA174B} = {BFF49920-7D2B-4EC0-BE7E-6931B22A0965}
		{77A71258-2175-4868-8539-D1EDFB5B7AB0} = {2DD67628-A661-4B69-9E5D-0FFA087EA201}
		{E25D103C-E417-4594-A3FA-7E987D21E6FF} = {A29DAC77-54EC-4F53-B2FC-00EC1C1F7756}
		{D80C1357-9203-4488-AD2D-B1CE2CF25A71} = {34362CA4-B5D3-4AD3-8175-5CC30F759966}
		{7DC92901-69D3-483C-8D4F-DF284D6A933D} = {BFF49920-7D2B-4EC0-BE7E-6931B22A0965}
		{0A7BD803-0022-487B-82B6-FA5BAC286549} = {2DD67628-A661-4B69-9E5D-0FFA087EA201}
		{61D14BDD-96D8-424C-8CDA-08794CBA688A} = {A29DAC77-54EC-4F53-B2FC-00EC1C1F7756}
		{126E178C-D42B-45F2-ABE7-BB0B47EB5634} = {34362CA4-B5D3-4AD3-8175-5CC30F759966}
	EndGlobalSection
	GlobalSection(ExtensibilityGlobals) = postSolution
		SolutionGuid = {4CCA468F-C730-4AD0-8ADE-02B8CEA55AA2}
	EndGlobalSection
EndGlobal
